
Microsoft Visual Studio Solution File, Format Version 12.00
# Visual Studio Version 17
VisualStudioVersion = 17.9.34728.123
MinimumVisualStudioVersion = 10.0.40219.1
Project("{FAE04EC0-301F-11D3-BF4B-00C04F79EFBC}") = "Chia_Coin_Inspector", "Chia_Coin_Inspector\Chia_Coin_Inspector.csproj", "{C0AEFAC3-8447-472E-9D74-41AC1D0B961C}"
EndProject
Global
	GlobalSection(SolutionConfigurationPlatforms) = preSolution
		Debug|Any CPU = Debug|Any CPU
		Release|Any CPU = Release|Any CPU
	EndGlobalSection
	GlobalSection(ProjectConfigurationPlatforms) = postSolution
		{C0AEFAC3-8447-472E-9D74-41AC1D0B961C}.Debug|Any CPU.ActiveCfg = Debug|Any CPU
		{C0AEFAC3-8447-472E-9D74-41AC1D0B961C}.Debug|Any CPU.Build.0 = Debug|Any CPU
		{C0AEFAC3-8447-472E-9D74-41AC1D0B961C}.Release|Any CPU.ActiveCfg = Release|Any CPU
		{C0AEFAC3-8447-472E-9D74-41AC1D0B961C}.Release|Any CPU.Build.0 = Release|Any CPU
	EndGlobalSection
	GlobalSection(SolutionProperties) = preSolution
		HideSolutionNode = FALSE
	EndGlobalSection
	GlobalSection(ExtensibilityGlobals) = postSolution
		SolutionGuid = {C3658570-2A64-439E-9F19-527355639A6D}
	EndGlobalSection
EndGlobal
